
Microsoft Visual Studio Solution File, Format Version 12.00
# Visual Studio Version 17
VisualStudioVersion = 17.0.31903.59
MinimumVisualStudioVersion = 10.0.40219.1
Project("{FAE04EC0-301F-11D3-BF4B-00C04F79EFBC}") = "dotnet-ecs-sample", "dotnet-ecs-sample\dotnet-ecs-sample.csproj", "{D10ACEB6-07DC-4006-A1F1-13B954E510C5}"
EndProject
Project("{FAE04EC0-301F-11D3-BF4B-00C04F79EFBC}") = "dotnet-ecs-sample.Tests", "dotnet-ecs-sample.Tests\dotnet-ecs-sample.Tests.csproj", "{6FDD1944-FDB3-4371-83C2-1EF052C28B03}"
EndProject
Global
	GlobalSection(SolutionConfigurationPlatforms) = preSolution
		Debug|Any CPU = Debug|Any CPU
		Release|Any CPU = Release|Any CPU
	EndGlobalSection
	GlobalSection(SolutionProperties) = preSolution
		HideSolutionNode = FALSE
	EndGlobalSection
	GlobalSection(ProjectConfigurationPlatforms) = postSolution
		{D10ACEB6-07DC-4006-A1F1-13B954E510C5}.Debug|Any CPU.ActiveCfg = Debug|Any CPU
		{D10ACEB6-07DC-4006-A1F1-13B954E510C5}.Debug|Any CPU.Build.0 = Debug|Any CPU
		{D10ACEB6-07DC-4006-A1F1-13B954E510C5}.Release|Any CPU.ActiveCfg = Release|Any CPU
		{D10ACEB6-07DC-4006-A1F1-13B954E510C5}.Release|Any CPU.Build.0 = Release|Any CPU
		{6FDD1944-FDB3-4371-83C2-1EF052C28B03}.Debug|Any CPU.ActiveCfg = Debug|Any CPU
		{6FDD1944-FDB3-4371-83C2-1EF052C28B03}.Debug|Any CPU.Build.0 = Debug|Any CPU
		{6FDD1944-FDB3-4371-83C2-1EF052C28B03}.Release|Any CPU.ActiveCfg = Release|Any CPU
		{6FDD1944-FDB3-4371-83C2-1EF052C28B03}.Release|Any CPU.Build.0 = Release|Any CPU
	EndGlobalSection
EndGlobal
